
Microsoft Visual Studio Solution File, Format Version 12.00
# Visual Studio Version 17
VisualStudioVersion = 17.0.31903.59
MinimumVisualStudioVersion = 10.0.40219.1
Project("{FAE04EC0-301F-11D3-BF4B-00C04F79EFBC}") = "GHANTOM.Core", "GHANTOM.Core\GHANTOM.Core.csproj", "{9DAD5A43-AF09-4379-A423-DB07682C6867}"
EndProject
Project("{FAE04EC0-301F-11D3-BF4B-00C04F79EFBC}") = "GHANTOM", "GHANTOM\GHANTOM.csproj", "{E123FCDD-3A57-4812-9D76-871E7847E5DE}"
EndProject
Project("{FAE04EC0-301F-11D3-BF4B-00C04F79EFBC}") = "BOT2", "BOT2\BOT2.csproj", "{396BBCF0-0201-42E7-AEDB-E11A12252DC0}"
EndProject
Global
	GlobalSection(SolutionConfigurationPlatforms) = preSolution
		Debug|Any CPU = Debug|Any CPU
		Release|Any CPU = Release|Any CPU
	EndGlobalSection
	GlobalSection(SolutionProperties) = preSolution
		HideSolutionNode = FALSE
	EndGlobalSection
	GlobalSection(ProjectConfigurationPlatforms) = postSolution
		{9DAD5A43-AF09-4379-A423-DB07682C6867}.Debug|Any CPU.ActiveCfg = Debug|Any CPU
		{9DAD5A43-AF09-4379-A423-DB07682C6867}.Debug|Any CPU.Build.0 = Debug|Any CPU
		{9DAD5A43-AF09-4379-A423-DB07682C6867}.Release|Any CPU.ActiveCfg = Release|Any CPU
		{9DAD5A43-AF09-4379-A423-DB07682C6867}.Release|Any CPU.Build.0 = Release|Any CPU
		{E123FCDD-3A57-4812-9D76-871E7847E5DE}.Debug|Any CPU.ActiveCfg = Debug|Any CPU
		{E123FCDD-3A57-4812-9D76-871E7847E5DE}.Debug|Any CPU.Build.0 = Debug|Any CPU
		{E123FCDD-3A57-4812-9D76-871E7847E5DE}.Release|Any CPU.ActiveCfg = Release|Any CPU
		{E123FCDD-3A57-4812-9D76-871E7847E5DE}.Release|Any CPU.Build.0 = Release|Any CPU
		{396BBCF0-0201-42E7-AEDB-E11A12252DC0}.Debug|Any CPU.ActiveCfg = Debug|Any CPU
		{396BBCF0-0201-42E7-AEDB-E11A12252DC0}.Debug|Any CPU.Build.0 = Debug|Any CPU
		{396BBCF0-0201-42E7-AEDB-E11A12252DC0}.Release|Any CPU.ActiveCfg = Release|Any CPU
		{396BBCF0-0201-42E7-AEDB-E11A12252DC0}.Release|Any CPU.Build.0 = Release|Any CPU
	EndGlobalSection
EndGlobal
